PODS:
  - CKSideBarController (0.0.1)
  - SVProgressHUD (1.0)

DEPENDENCIES:
  - CKSideBarController (from `https://raw.github.com/MaxKramer/CKSideBarController/master/CKSideBarController.podspec`)
  - SVProgressHUD

EXTERNAL SOURCES:
  CKSideBarController:
    :podspec: https://raw.github.com/MaxKramer/CKSideBarController/master/CKSideBarController.podspec

SPEC CHECKSUMS:
  CKSideBarController: bc24f95dc7c811fc08d6e237886da797befe1aa1
  SVProgressHUD: 5e10939a296debf5fe5a5895eda9539b8b2114f1

COCOAPODS: 0.28.0
